
Microsoft Visual Studio Solution File, Format Version 12.00
# Visual Studio Version 16
VisualStudioVersion = 16.0.29201.188
MinimumVisualStudioVersion = 10.0.40219.1
Project("{9A19103F-16F7-4668-BE54-9A1E7A4F7556}") = "jwtAuthApi.Application", "jwtAuthApi\jwtAuthApi.Application.csproj", "{547B32F2-EF27-40AE-A131-B1580D11A2F0}"
EndProject
Project("{9A19103F-16F7-4668-BE54-9A1E7A4F7556}") = "jwtAuthApi.Services", "jwtAuthApi.Services\jwtAuthApi.Services.csproj", "{3C32A3F2-CB22-4F96-B45B-AC8DCA73483C}"
EndProject
Project("{9A19103F-16F7-4668-BE54-9A1E7A4F7556}") = "jwtAuthApi.BusinessCore", "jwtAuthApi.BusinessCore\jwtAuthApi.BusinessCore.csproj", "{9249FDE0-3640-43F8-ACCC-1BC140816435}"
EndProject
Project("{9A19103F-16F7-4668-BE54-9A1E7A4F7556}") = "jwtAuthApi.Infraestructure", "jwtAuthApi.Infraestructure\jwtAuthApi.Infraestructure.csproj", "{A5B54A6E-79F7-4600-92A7-561FFEDC147F}"
EndProject
Project("{2150E333-8FDC-42A3-9474-1A3956D46DE8}") = "src", "src", "{B187D98A-A68D-4D9E-965E-157FD1E961EC}"
EndProject
Project("{9A19103F-16F7-4668-BE54-9A1E7A4F7556}") = "jwtAuthApi.Domain", "jwtAuthApi.Domain\jwtAuthApi.Domain.csproj", "{AE98272D-1B07-4990-B25F-EB3BB5914E72}"
EndProject
Project("{FAE04EC0-301F-11D3-BF4B-00C04F79EFBC}") = "jwtAuthApi.Repository", "jwtAuthApi.Repository\jwtAuthApi.Repository.csproj", "{F273A173-2CEE-4FB7-9554-8B004927A44E}"
EndProject
Global
	GlobalSection(SolutionConfigurationPlatforms) = preSolution
		Debug|Any CPU = Debug|Any CPU
		Release|Any CPU = Release|Any CPU
	EndGlobalSection
	GlobalSection(ProjectConfigurationPlatforms) = postSolution
		{547B32F2-EF27-40AE-A131-B1580D11A2F0}.Debug|Any CPU.ActiveCfg = Debug|Any CPU
		{547B32F2-EF27-40AE-A131-B1580D11A2F0}.Debug|Any CPU.Build.0 = Debug|Any CPU
		{547B32F2-EF27-40AE-A131-B1580D11A2F0}.Release|Any CPU.ActiveCfg = Release|Any CPU
		{547B32F2-EF27-40AE-A131-B1580D11A2F0}.Release|Any CPU.Build.0 = Release|Any CPU
		{3C32A3F2-CB22-4F96-B45B-AC8DCA73483C}.Debug|Any CPU.ActiveCfg = Debug|Any CPU
		{3C32A3F2-CB22-4F96-B45B-AC8DCA73483C}.Debug|Any CPU.Build.0 = Debug|Any CPU
		{3C32A3F2-CB22-4F96-B45B-AC8DCA73483C}.Release|Any CPU.ActiveCfg = Release|Any CPU
		{3C32A3F2-CB22-4F96-B45B-AC8DCA73483C}.Release|Any CPU.Build.0 = Release|Any CPU
		{9249FDE0-3640-43F8-ACCC-1BC140816435}.Debug|Any CPU.ActiveCfg = Debug|Any CPU
		{9249FDE0-3640-43F8-ACCC-1BC140816435}.Debug|Any CPU.Build.0 = Debug|Any CPU
		{9249FDE0-3640-43F8-ACCC-1BC140816435}.Release|Any CPU.ActiveCfg = Release|Any CPU
		{9249FDE0-3640-43F8-ACCC-1BC140816435}.Release|Any CPU.Build.0 = Release|Any CPU
		{A5B54A6E-79F7-4600-92A7-561FFEDC147F}.Debug|Any CPU.ActiveCfg = Debug|Any CPU
		{A5B54A6E-79F7-4600-92A7-561FFEDC147F}.Debug|Any CPU.Build.0 = Debug|Any CPU
		{A5B54A6E-79F7-4600-92A7-561FFEDC147F}.Release|Any CPU.ActiveCfg = Release|Any CPU
		{A5B54A6E-79F7-4600-92A7-561FFEDC147F}.Release|Any CPU.Build.0 = Release|Any CPU
		{AE98272D-1B07-4990-B25F-EB3BB5914E72}.Debug|Any CPU.ActiveCfg = Debug|Any CPU
		{AE98272D-1B07-4990-B25F-EB3BB5914E72}.Debug|Any CPU.Build.0 = Debug|Any CPU
		{AE98272D-1B07-4990-B25F-EB3BB5914E72}.Release|Any CPU.ActiveCfg = Release|Any CPU
		{AE98272D-1B07-4990-B25F-EB3BB5914E72}.Release|Any CPU.Build.0 = Release|Any CPU
		{F273A173-2CEE-4FB7-9554-8B004927A44E}.Debug|Any CPU.ActiveCfg = Debug|Any CPU
		{F273A173-2CEE-4FB7-9554-8B004927A44E}.Debug|Any CPU.Build.0 = Debug|Any CPU
		{F273A173-2CEE-4FB7-9554-8B004927A44E}.Release|Any CPU.ActiveCfg = Release|Any CPU
		{F273A173-2CEE-4FB7-9554-8B004927A44E}.Release|Any CPU.Build.0 = Release|Any CPU
	EndGlobalSection
	GlobalSection(SolutionProperties) = preSolution
		HideSolutionNode = FALSE
	EndGlobalSection
	GlobalSection(NestedProjects) = preSolution
		{547B32F2-EF27-40AE-A131-B1580D11A2F0} = {B187D98A-A68D-4D9E-965E-157FD1E961EC}
		{3C32A3F2-CB22-4F96-B45B-AC8DCA73483C} = {B187D98A-A68D-4D9E-965E-157FD1E961EC}
		{9249FDE0-3640-43F8-ACCC-1BC140816435} = {B187D98A-A68D-4D9E-965E-157FD1E961EC}
		{A5B54A6E-79F7-4600-92A7-561FFEDC147F} = {B187D98A-A68D-4D9E-965E-157FD1E961EC}
		{AE98272D-1B07-4990-B25F-EB3BB5914E72} = {B187D98A-A68D-4D9E-965E-157FD1E961EC}
		{F273A173-2CEE-4FB7-9554-8B004927A44E} = {B187D98A-A68D-4D9E-965E-157FD1E961EC}
	EndGlobalSection
	GlobalSection(ExtensibilityGlobals) = postSolution
		SolutionGuid = {FFF779C8-B2A9-4ADC-96B6-E288E00F52B8}
	EndGlobalSection
EndGlobal
